
Microsoft Visual Studio Solution File, Format Version 12.00
Project("{FAE04EC0-301F-11D3-BF4B-00C04F79EFBC}") = "AvatarLogger", "AvatarLogger.csproj", "{DED29B32-A3CD-4636-ADB2-D7629C23EF7A}"
EndProject
Global
	GlobalSection(SolutionConfigurationPlatforms) = preSolution
		Debug|Any CPU = Debug|Any CPU
		Release|Any CPU = Release|Any CPU
	EndGlobalSection
	GlobalSection(ProjectConfigurationPlatforms) = postSolution
		{DED29B32-A3CD-4636-ADB2-D7629C23EF7A}.Debug|Any CPU.ActiveCfg = Debug|Any CPU
		{DED29B32-A3CD-4636-ADB2-D7629C23EF7A}.Debug|Any CPU.Build.0 = Debug|Any CPU
		{DED29B32-A3CD-4636-ADB2-D7629C23EF7A}.Release|Any CPU.ActiveCfg = Release|Any CPU
		{DED29B32-A3CD-4636-ADB2-D7629C23EF7A}.Release|Any CPU.Build.0 = Release|Any CPU
	EndGlobalSection
EndGlobal
